<?xml version="1.0" encoding="utf-8"?>
<Project ToolsVersion="4.0" xmlns="http://schemas.microsoft.com/developer/msbuild/2003">
  <ItemGroup>
    <Filter Include="Source Files">
      <UniqueIdentifier>{3ae88138-7c28-4919-a9b2-4b5e1473c72b}</UniqueIdentifier>
    </Filter>
    <Filter Include="Generated Files">
      <UniqueIdentifier>{d3ce00e0-04ef-4a7b-ad63-435441b697a5}</UniqueIdentifier>
      <SourceControlFiles>False</SourceControlFiles>
    </Filter>
  </ItemGroup>
  <ItemGroup>
    <None Include="SocksOverRDP-Pluginps.def" />
  </ItemGroup>
  <ItemGroup>
    <ClCompile Include="SocksOverRDPPlugin_i.c">
      <Filter>Generated Files</Filter>
    </ClCompile>
    <ClCompile Include="SocksOverRDPPlugin_p.c">
      <Filter>Generated Files</Filter>
    </ClCompile>
    <ClCompile Include="dlldata.c">
      <Filter>Generated Files</Filter>
    </ClCompile>
  </ItemGroup>
</Project>